// !$*UTF8*$!
{
	archiveVersion = 1;
	classes = {
	};
	objectVersion = 55;
	objects = {

/* Begin PBXBuildFile section */
		8953046B282542D300DC5A7A /* AppDelegate.swift in Sources */ = {isa = PBXBuildFile; fileRef = 8953046A282542D300DC5A7A /* AppDelegate.swift */; };
		8953046D282542D300DC5A7A /* SceneDelegate.swift in Sources */ = {isa = PBXBuildFile; fileRef = 8953046C282542D300DC5A7A /* SceneDelegate.swift */; };
		8953046F282542D300DC5A7A /* ViewController.swift in Sources */ = {isa = PBXBuildFile; fileRef = 8953046E282542D300DC5A7A /* ViewController.swift */; };
		89530472282542D300DC5A7A /* Main.storyboard in Resources */ = {isa = PBXBuildFile; fileRef = 89530470282542D300DC5A7A /* Main.storyboard */; };
		89530474282542D500DC5A7A /* Assets.xcassets in Resources */ = {isa = PBXBuildFile; fileRef = 89530473282542D500DC5A7A /* Assets.xcassets */; };
		89530477282542D500DC5A7A /* LaunchScreen.storyboard in Resources */ = {isa = PBXBuildFile; fileRef = 89530475282542D500DC5A7A /* LaunchScreen.storyboard */; };
		8953047F28254C6700DC5A7A /* Model.swift in Sources */ = {isa = PBXBuildFile; fileRef = 8953047E28254C6700DC5A7A /* Model.swift */; };
		895304812825572200DC5A7A /* DataManager.swift in Sources */ = {isa = PBXBuildFile; fileRef = 895304802825572200DC5A7A /* DataManager.swift */; };
		EECA69CCF6CF53A3649454FE /* Pods_AnimatorApp.framework in Frameworks */ = {isa = PBXBuildFile; fileRef = 07CECC15E97AB87938913FC7 /* Pods_AnimatorApp.framework */; };
/* End PBXBuildFile section */

/* Begin PBXFileReference section */
		043A62BA07B23BA09D5AB4EA /* Pods-AnimatorApp.release.xcconfig */ = {isa = PBXFileReference; includeInIndex = 1; lastKnownFileType = text.xcconfig; name = "Pods-AnimatorApp.release.xcconfig"; path = "Target Support Files/Pods-AnimatorApp/Pods-AnimatorApp.release.xcconfig"; sourceTree = "<group>"; };
		07CECC15E97AB87938913FC7 /* Pods_AnimatorApp.framework */ = {isa = PBXFileReference; explicitFileType = wrapper.framework; includeInIndex = 0; path = Pods_AnimatorApp.framework; sourceTree = BUILT_PRODUCTS_DIR; };
		89530467282542D300DC5A7A /* AnimatorApp.app */ = {isa = PBXFileReference; explicitFileType = wrapper.application; includeInIndex = 0; path = AnimatorApp.app; sourceTree = BUILT_PRODUCTS_DIR; };
		8953046A282542D300DC5A7A /* AppDelegate.swift */ = {isa = PBXFileReference; lastKnownFileType = sourcecode.swift; path = AppDelegate.swift; sourceTree = "<group>"; };
		8953046C282542D300DC5A7A /* SceneDelegate.swift */ = {isa = PBXFileReference; lastKnownFileType = sourcecode.swift; path = SceneDelegate.swift; sourceTree = "<group>"; };
		8953046E282542D300DC5A7A /* ViewController.swift */ = {isa = PBXFileReference; lastKnownFileType = sourcecode.swift; path = ViewController.swift; sourceTree = "<group>"; };
		89530471282542D300DC5A7A /* Base */ = {isa = PBXFileReference; lastKnownFileType = file.storyboard; name = Base; path = Base.lproj/Main.storyboard; sourceTree = "<group>"; };
		89530473282542D500DC5A7A /* Assets.xcassets */ = {isa = PBXFileReference; lastKnownFileType = folder.assetcatalog; path = Assets.xcassets; sourceTree = "<group>"; };
		89530476282542D500DC5A7A /* Base */ = {isa = PBXFileReference; lastKnownFileType = file.storyboard; name = Base; path = Base.lproj/LaunchScreen.storyboard; sourceTree = "<group>"; };
		89530478282542D500DC5A7A /* Info.plist */ = {isa = PBXFileReference; lastKnownFileType = text.plist.xml; path = Info.plist; sourceTree = "<group>"; };
		8953047E28254C6700DC5A7A /* Model.swift */ = {isa = PBXFileReference; lastKnownFileType = sourcecode.swift; path = Model.swift; sourceTree = "<group>"; };
		895304802825572200DC5A7A /* DataManager.swift */ = {isa = PBXFileReference; lastKnownFileType = sourcecode.swift; path = DataManager.swift; sourceTree = "<group>"; };
		99F584D4F1AE698BA21786EA /* Pods-AnimatorApp.debug.xcconfig */ = {isa = PBXFileReference; includeInIndex = 1; lastKnownFileType = text.xcconfig; name = "Pods-AnimatorApp.debug.xcconfig"; path = "Target Support Files/Pods-AnimatorApp/Pods-AnimatorApp.debug.xcconfig"; sourceTree = "<group>"; };
/* End PBXFileReference section */

/* Begin PBXFrameworksBuildPhase section */
		89530464282542D300DC5A7A /* Frameworks */ = {
			isa = PBXFrameworksBuildPhase;
			buildActionMask = 2147483647;
			files = (
				EECA69CCF6CF53A3649454FE /* Pods_AnimatorApp.framework in Frameworks */,
			);
			runOnlyForDeploymentPostprocessing = 0;
		};
/* End PBXFrameworksBuildPhase section */

/* Begin PBXGroup section */
		4015200FA22F458F8C34C3E3 /* Frameworks */ = {
			isa = PBXGroup;
			children = (
				07CECC15E97AB87938913FC7 /* Pods_AnimatorApp.framework */,
			);
			name = Frameworks;
			sourceTree = "<group>";
		};
		8953045E282542D300DC5A7A = {
			isa = PBXGroup;
			children = (
				89530469282542D300DC5A7A /* AnimatorApp */,
				89530468282542D300DC5A7A /* Products */,
				B3CB9751B56CA53E257500E1 /* Pods */,
				4015200FA22F458F8C34C3E3 /* Frameworks */,
			);
			sourceTree = "<group>";
		};
		89530468282542D300DC5A7A /* Products */ = {
			isa = PBXGroup;
			children = (
				89530467282542D300DC5A7A /* AnimatorApp.app */,
			);
			name = Products;
			sourceTree = "<group>";
		};
		89530469282542D300DC5A7A /* AnimatorApp */ = {
			isa = PBXGroup;
			children = (
				8953048628255C1600DC5A7A /* Models */,
				8953048728255C1F00DC5A7A /* DataManager */,
				8953048328255BF800DC5A7A /* ViewControllers */,
				8953048428255C0200DC5A7A /* Stroyboards */,
				8953048228255BEF00DC5A7A /* App */,
				8953048528255C0D00DC5A7A /* Resources */,
			);
			path = AnimatorApp;
			sourceTree = "<group>";
		};
		8953048228255BEF00DC5A7A /* App */ = {
			isa = PBXGroup;
			children = (
				8953046A282542D300DC5A7A /* AppDelegate.swift */,
				8953046C282542D300DC5A7A /* SceneDelegate.swift */,
				89530478282542D500DC5A7A /* Info.plist */,
			);
			path = App;
			sourceTree = "<group>";
		};
		8953048328255BF800DC5A7A /* ViewControllers */ = {
			isa = PBXGroup;
			children = (
				8953046E282542D300DC5A7A /* ViewController.swift */,
			);
			path = ViewControllers;
			sourceTree = "<group>";
		};
		8953048428255C0200DC5A7A /* Stroyboards */ = {
			isa = PBXGroup;
			children = (
				89530470282542D300DC5A7A /* Main.storyboard */,
				89530475282542D500DC5A7A /* LaunchScreen.storyboard */,
			);
			path = Stroyboards;
			sourceTree = "<group>";
		};
		8953048528255C0D00DC5A7A /* Resources */ = {
			isa = PBXGroup;
			children = (
				89530473282542D500DC5A7A /* Assets.xcassets */,
			);
			path = Resources;
			sourceTree = "<group>";
		};
		8953048628255C1600DC5A7A /* Models */ = {
			isa = PBXGroup;
			children = (
				8953047E28254C6700DC5A7A /* Model.swift */,
			);
			path = Models;
			sourceTree = "<group>";
		};
		8953048728255C1F00DC5A7A /* DataManager */ = {
			isa = PBXGroup;
			children = (
				895304802825572200DC5A7A /* DataManager.swift */,
			);
			path = DataManager;
			sourceTree = "<group>";
		};
		B3CB9751B56CA53E257500E1 /* Pods */ = {
			isa = PBXGroup;
			children = (
				99F584D4F1AE698BA21786EA /* Pods-AnimatorApp.debug.xcconfig */,
				043A62BA07B23BA09D5AB4EA /* Pods-AnimatorApp.release.xcconfig */,
			);
			path = Pods;
			sourceTree = "<group>";
		};
/* End PBXGroup section */

/* Begin PBXNativeTarget section */
		89530466282542D300DC5A7A /* AnimatorApp */ = {
			isa = PBXNativeTarget;
			buildConfigurationList = 8953047B282542D500DC5A7A /* Build configuration list for PBXNativeTarget "AnimatorApp" */;
			buildPhases = (
				0381F6A7C74D7C6CF26C9A26 /* [CP] Check Pods Manifest.lock */,
				89530463282542D300DC5A7A /* Sources */,
				89530464282542D300DC5A7A /* Frameworks */,
				89530465282542D300DC5A7A /* Resources */,
				E6F4972421A17430EA771568 /* [CP] Embed Pods Frameworks */,
			);
			buildRules = (
			);
			dependencies = (
			);
			name = AnimatorApp;
			productName = AnimatorApp;
			productReference = 89530467282542D300DC5A7A /* AnimatorApp.app */;
			productType = "com.apple.product-type.application";
		};
/* End PBXNativeTarget section */

/* Begin PBXProject section */
		8953045F282542D300DC5A7A /* Project object */ = {
			isa = PBXProject;
			attributes = {
				BuildIndependentTargetsInParallel = 1;
				LastSwiftUpdateCheck = 1330;
				LastUpgradeCheck = 1330;
				TargetAttributes = {
					89530466282542D300DC5A7A = {
						CreatedOnToolsVersion = 13.3.1;
					};
				};
			};
			buildConfigurationList = 89530462282542D300DC5A7A /* Build configuration list for PBXProject "AnimatorApp" */;
			compatibilityVersion = "Xcode 13.0";
			developmentRegion = en;
			hasScannedForEncodings = 0;
			knownRegions = (
				en,
				Base,
			);
			mainGroup = 8953045E282542D300DC5A7A;
			productRefGroup = 89530468282542D300DC5A7A /* Products */;
			projectDirPath = "";
			projectRoot = "";
			targets = (
				89530466282542D300DC5A7A /* AnimatorApp */,
			);
		};
/* End PBXProject section */

/* Begin PBXResourcesBuildPhase section */
		89530465282542D300DC5A7A /* Resources */ = {
			isa = PBXResourcesBuildPhase;
			buildActionMask = 2147483647;
			files = (
				89530477282542D500DC5A7A /* LaunchScreen.storyboard in Resources */,
				89530474282542D500DC5A7A /* Assets.xcassets in Resources */,
				89530472282542D300DC5A7A /* Main.storyboard in Resources */,
			);
			runOnlyForDeploymentPostprocessing = 0;
		};
/* End PBXResourcesBuildPhase section */

/* Begin PBXShellScriptBuildPhase section */
		0381F6A7C74D7C6CF26C9A26 /* [CP] Check Pods Manifest.lock */ = {
			isa = PBXShellScriptBuildPhase;
			buildActionMask = 2147483647;
			files = (
			);
			inputFileListPaths = (
			);
			inputPaths = (
				"${PODS_PODFILE_DIR_PATH}/Podfile.lock",
				"${PODS_ROOT}/Manifest.lock",
			);
			name = "[CP] Check Pods Manifest.lock";
			outputFileListPaths = (
			);
			outputPaths = (
				"$(DERIVED_FILE_DIR)/Pods-AnimatorApp-checkManifestLockResult.txt",
			);
			runOnlyForDeploymentPostprocessing = 0;
			shellPath = /bin/sh;
			shellScript = "diff \"${PODS_PODFILE_DIR_PATH}/Podfile.lock\" \"${PODS_ROOT}/Manifest.lock\" > /dev/null\nif [ $? != 0 ] ; then\n    # print error to STDERR\n    echo \"error: The sandbox is not in sync with the Podfile.lock. Run 'pod install' or update your CocoaPods installation.\" >&2\n    exit 1\nfi\n# This output is used by Xcode 'outputs' to avoid re-running this script phase.\necho \"SUCCESS\" > \"${SCRIPT_OUTPUT_FILE_0}\"\n";
			showEnvVarsInLog = 0;
		};
		E6F4972421A17430EA771568 /* [CP] Embed Pods Frameworks */ = {
			isa = PBXShellScriptBuildPhase;
			buildActionMask = 2147483647;
			files = (
			);
			inputFileListPaths = (
				"${PODS_ROOT}/Target Support Files/Pods-AnimatorApp/Pods-AnimatorApp-frameworks-${CONFIGURATION}-input-files.xcfilelist",
			);
			name = "[CP] Embed Pods Frameworks";
			outputFileListPaths = (
				"${PODS_ROOT}/Target Support Files/Pods-AnimatorApp/Pods-AnimatorApp-frameworks-${CONFIGURATION}-output-files.xcfilelist",
			);
			runOnlyForDeploymentPostprocessing = 0;
			shellPath = /bin/sh;
			shellScript = "\"${PODS_ROOT}/Target Support Files/Pods-AnimatorApp/Pods-AnimatorApp-frameworks.sh\"\n";
			showEnvVarsInLog = 0;
		};
/* End PBXShellScriptBuildPhase section */

/* Begin PBXSourcesBuildPhase section */
		89530463282542D300DC5A7A /* Sources */ = {
			isa = PBXSourcesBuildPhase;
			buildActionMask = 2147483647;
			files = (
				8953046F282542D300DC5A7A /* ViewController.swift in Sources */,
				895304812825572200DC5A7A /* DataManager.swift in Sources */,
				8953046B282542D300DC5A7A /* AppDelegate.swift in Sources */,
				8953046D282542D300DC5A7A /* SceneDelegate.swift in Sources */,
				8953047F28254C6700DC5A7A /* Model.swift in Sources */,
			);
			runOnlyForDeploymentPostprocessing = 0;
		};
/* End PBXSourcesBuildPhase section */

/* Begin PBXVariantGroup section */
		89530470282542D300DC5A7A /* Main.storyboard */ = {
			isa = PBXVariantGroup;
			children = (
				89530471282542D300DC5A7A /* Base */,
			);
			name = Main.storyboard;
			sourceTree = "<group>";
		};
		89530475282542D500DC5A7A /* LaunchScreen.storyboard */ = {
			isa = PBXVariantGroup;
			children = (
				89530476282542D500DC5A7A /* Base */,
			);
			name = LaunchScreen.storyboard;
			sourceTree = "<group>";
		};
/* End PBXVariantGroup section */

/* Begin XCBuildConfiguration section */
		89530479282542D500DC5A7A /* Debug */ = {
			isa = XCBuildConfiguration;
			buildSettings = {
				ALWAYS_SEARCH_USER_PATHS = NO;
				CLANG_ANALYZER_NONNULL = YES;
				CLANG_ANALYZER_NUMBER_OBJECT_CONVERSION = YES_AGGRESSIVE;
				CLANG_CXX_LANGUAGE_STANDARD = "gnu++17";
				CLANG_ENABLE_MODULES = YES;
				CLANG_ENABLE_OBJC_ARC = YES;
				CLANG_ENABLE_OBJC_WEAK = YES;
				CLANG_WARN_BLOCK_CAPTURE_AUTORELEASING = YES;
				CLANG_WARN_BOOL_CONVERSION = YES;
				CLANG_WARN_COMMA = YES;
				CLANG_WARN_CONSTANT_CONVERSION = YES;
				CLANG_WARN_DEPRECATED_OBJC_IMPLEMENTATIONS = YES;
				CLANG_WARN_DIRECT_OBJC_ISA_USAGE = YES_ERROR;
				CLANG_WARN_DOCUMENTATION_COMMENTS = YES;
				CLANG_WARN_EMPTY_BODY = YES;
				CLANG_WARN_ENUM_CONVERSION = YES;
				CLANG_WARN_INFINITE_RECURSION = YES;
				CLANG_WARN_INT_CONVERSION = YES;
				CLANG_WARN_NON_LITERAL_NULL_CONVERSION = YES;
				CLANG_WARN_OBJC_IMPLICIT_RETAIN_SELF = YES;
				CLANG_WARN_OBJC_LITERAL_CONVERSION = YES;
				CLANG_WARN_OBJC_ROOT_CLASS = YES_ERROR;
				CLANG_WARN_QUOTED_INCLUDE_IN_FRAMEWORK_HEADER = YES;
				CLANG_WARN_RANGE_LOOP_ANALYSIS = YES;
				CLANG_WARN_STRICT_PROTOTYPES = YES;
				CLANG_WARN_SUSPICIOUS_MOVE = YES;
				CLANG_WARN_UNGUARDED_AVAILABILITY = YES_AGGRESSIVE;
				CLANG_WARN_UNREACHABLE_CODE = YES;
				CLANG_WARN__DUPLICATE_METHOD_MATCH = YES;
				COPY_PHASE_STRIP = NO;
				DEBUG_INFORMATION_FORMAT = dwarf;
				ENABLE_STRICT_OBJC_MSGSEND = YES;
				ENABLE_TESTABILITY = YES;
				GCC_C_LANGUAGE_STANDARD = gnu11;
				GCC_DYNAMIC_NO_PIC = NO;
				GCC_NO_COMMON_BLOCKS = YES;
				GCC_OPTIMIZATION_LEVEL = 0;
				GCC_PREPROCESSOR_DEFINITIONS = (
					"DEBUG=1",
					"$(inherited)",
				);
				GCC_WARN_64_TO_32_BIT_CONVERSION = YES;
				GCC_WARN_ABOUT_RETURN_TYPE = YES_ERROR;
				GCC_WARN_UNDECLARED_SELECTOR = YES;
				GCC_WARN_UNINITIALIZED_AUTOS = YES_AGGRESSIVE;
				GCC_WARN_UNUSED_FUNCTION = YES;
				GCC_WARN_UNUSED_VARIABLE = YES;
				IPHONEOS_DEPLOYMENT_TARGET = 15.4;
				MTL_ENABLE_DEBUG_INFO = INCLUDE_SOURCE;
				MTL_FAST_MATH = YES;
				ONLY_ACTIVE_ARCH = YES;
				SDKROOT = iphoneos;
				SWIFT_ACTIVE_COMPILATION_CONDITIONS = DEBUG;
				SWIFT_OPTIMIZATION_LEVEL = "-Onone";
			};
			name = Debug;
		};
		8953047A282542D500DC5A7A /* Release */ = {
			isa = XCBuildConfiguration;
			buildSettings = {
				ALWAYS_SEARCH_USER_PATHS = NO;
				CLANG_ANALYZER_NONNULL = YES;
				CLANG_ANALYZER_NUMBER_OBJECT_CONVERSION = YES_AGGRESSIVE;
				CLANG_CXX_LANGUAGE_STANDARD = "gnu++17";
				CLANG_ENABLE_MODULES = YES;
				CLANG_ENABLE_OBJC_ARC = YES;
				CLANG_ENABLE_OBJC_WEAK = YES;
				CLANG_WARN_BLOCK_CAPTURE_AUTORELEASING = YES;
				CLANG_WARN_BOOL_CONVERSION = YES;
				CLANG_WARN_COMMA = YES;
				CLANG_WARN_CONSTANT_CONVERSION = YES;
				CLANG_WARN_DEPRECATED_OBJC_IMPLEMENTATIONS = YES;
				CLANG_WARN_DIRECT_OBJC_ISA_USAGE = YES_ERROR;
				CLANG_WARN_DOCUMENTATION_COMMENTS = YES;
				CLANG_WARN_EMPTY_BODY = YES;
				CLANG_WARN_ENUM_CONVERSION = YES;
				CLANG_WARN_INFINITE_RECURSION = YES;
				CLANG_WARN_INT_CONVERSION = YES;
				CLANG_WARN_NON_LITERAL_NULL_CONVERSION = YES;
				CLANG_WARN_OBJC_IMPLICIT_RETAIN_SELF = YES;
				CLANG_WARN_OBJC_LITERAL_CONVERSION = YES;
				CLANG_WARN_OBJC_ROOT_CLASS = YES_ERROR;
				CLANG_WARN_QUOTED_INCLUDE_IN_FRAMEWORK_HEADER = YES;
				CLANG_WARN_RANGE_LOOP_ANALYSIS = YES;
				CLANG_WARN_STRICT_PROTOTYPES = YES;
				CLANG_WARN_SUSPICIOUS_MOVE = YES;
				CLANG_WARN_UNGUARDED_AVAILABILITY = YES_AGGRESSIVE;
				CLANG_WARN_UNREACHABLE_CODE = YES;
				CLANG_WARN__DUPLICATE_METHOD_MATCH = YES;
				COPY_PHASE_STRIP = NO;
				DEBUG_INFORMATION_FORMAT = "dwarf-with-dsym";
				ENABLE_NS_ASSERTIONS = NO;
				ENABLE_STRICT_OBJC_MSGSEND = YES;
				GCC_C_LANGUAGE_STANDARD = gnu11;
				GCC_NO_COMMON_BLOCKS = YES;
				GCC_WARN_64_TO_32_BIT_CONVERSION = YES;
				GCC_WARN_ABOUT_RETURN_TYPE = YES_ERROR;
				GCC_WARN_UNDECLARED_SELECTOR = YES;
				GCC_WARN_UNINITIALIZED_AUTOS = YES_AGGRESSIVE;
				GCC_WARN_UNUSED_FUNCTION = YES;
				GCC_WARN_UNUSED_VARIABLE = YES;
				IPHONEOS_DEPLOYMENT_TARGET = 15.4;
				MTL_ENABLE_DEBUG_INFO = NO;
				MTL_FAST_MATH = YES;
				SDKROOT = iphoneos;
				SWIFT_COMPILATION_MODE = wholemodule;
				SWIFT_OPTIMIZATION_LEVEL = "-O";
				VALIDATE_PRODUCT = YES;
			};
			name = Release;
		};
		8953047C282542D500DC5A7A /* Debug */ = {
			isa = XCBuildConfiguration;
			baseConfigurationReference = 99F584D4F1AE698BA21786EA /* Pods-AnimatorApp.debug.xcconfig */;
			buildSettings = {
				ASSETCATALOG_COMPILER_APPICON_NAME = AppIcon;
				ASSETCATALOG_COMPILER_GLOBAL_ACCENT_COLOR_NAME = AccentColor;
				CODE_SIGN_STYLE = Automatic;
				CURRENT_PROJECT_VERSION = 1;
				DEVELOPMENT_TEAM = Q82X97DSZ5;
				GENERATE_INFOPLIST_FILE = YES;
				INFOPLIST_FILE = AnimatorApp/App/Info.plist;
				INFOPLIST_KEY_UIApplicationSupportsIndirectInputEvents = YES;
				INFOPLIST_KEY_UILaunchStoryboardName = LaunchScreen;
				INFOPLIST_KEY_UIMainStoryboardFile = Main;
				INFOPLIST_KEY_UISupportedInterfaceOrientations_iPad = "UIInterfaceOrientationPortrait UIInterfaceOrientationPortraitUpsideDown UIInterfaceOrientationLandscapeLeft UIInterfaceOrientationLandscapeRight";
				INFOPLIST_KEY_UISupportedInterfaceOrientations_iPhone = "UIInterfaceOrientationPortrait UIInterfaceOrientationLandscapeLeft UIInterfaceOrientationLandscapeRight";
				LD_RUNPATH_SEARCH_PATHS = (
					"$(inherited)",
					"@executable_path/Frameworks",
				);
				MARKETING_VERSION = 1.0;
				PRODUCT_BUNDLE_IDENTIFIER = com.MyProject.AnimatorApp;
				PRODUCT_NAME = "$(TARGET_NAME)";
				SWIFT_EMIT_LOC_STRINGS = YES;
				SWIFT_VERSION = 5.0;
				TARGETED_DEVICE_FAMILY = "1,2";
			};
			name = Debug;
		};
		8953047D282542D500DC5A7A /* Release */ = {
			isa = XCBuildConfiguration;
			baseConfigurationReference = 043A62BA07B23BA09D5AB4EA /* Pods-AnimatorApp.release.xcconfig */;
			buildSettings = {
				ASSETCATALOG_COMPILER_APPICON_NAME = AppIcon;
				ASSETCATALOG_COMPILER_GLOBAL_ACCENT_COLOR_NAME = AccentColor;
				CODE_SIGN_STYLE = Automatic;
				CURRENT_PROJECT_VERSION = 1;
				DEVELOPMENT_TEAM = Q82X97DSZ5;
				GENERATE_INFOPLIST_FILE = YES;
				INFOPLIST_FILE = AnimatorApp/App/Info.plist;
				INFOPLIST_KEY_UIApplicationSupportsIndirectInputEvents = YES;
				INFOPLIST_KEY_UILaunchStoryboardName = LaunchScreen;
				INFOPLIST_KEY_UIMainStoryboardFile = Main;
				INFOPLIST_KEY_UISupportedInterfaceOrientations_iPad = "UIInterfaceOrientationPortrait UIInterfaceOrientationPortraitUpsideDown UIInterfaceOrientationLandscapeLeft UIInterfaceOrientationLandscapeRight";
				INFOPLIST_KEY_UISupportedInterfaceOrientations_iPhone = "UIInterfaceOrientationPortrait UIInterfaceOrientationLandscapeLeft UIInterfaceOrientationLandscapeRight";
				LD_RUNPATH_SEARCH_PATHS = (
					"$(inherited)",
					"@executable_path/Frameworks",
				);
				MARKETING_VERSION = 1.0;
				PRODUCT_BUNDLE_IDENTIFIER = com.MyProject.AnimatorApp;
				PRODUCT_NAME = "$(TARGET_NAME)";
				SWIFT_EMIT_LOC_STRINGS = YES;
				SWIFT_VERSION = 5.0;
				TARGETED_DEVICE_FAMILY = "1,2";
			};
			name = Release;
		};
/* End XCBuildConfiguration section */

/* Begin XCConfigurationList section */
		89530462282542D300DC5A7A /* Build configuration list for PBXProject "AnimatorApp" */ = {
			isa = XCConfigurationList;
			buildConfigurations = (
				89530479282542D500DC5A7A /* Debug */,
				8953047A282542D500DC5A7A /* Release */,
			);
			defaultConfigurationIsVisible = 0;
			defaultConfigurationName = Release;
		};
		8953047B282542D500DC5A7A /* Build configuration list for PBXNativeTarget "AnimatorApp" */ = {
			isa = XCConfigurationList;
			buildConfigurations = (
				8953047C282542D500DC5A7A /* Debug */,
				8953047D282542D500DC5A7A /* Release */,
			);
			defaultConfigurationIsVisible = 0;
			defaultConfigurationName = Release;
		};
/* End XCConfigurationList section */
	};
	rootObject = 8953045F282542D300DC5A7A /* Project object */;
}
